{
	"name": "chai-check-struct",
	"version": "1.1.0",
	"lockfileVersion": 2,
	"requires": true,
	"packages": {
		"": {
			"name": "chai-check-struct",
			"version": "1.1.0",
			"license": "ISC",
			"dependencies": {
				"check-structure": "^1.1.0"
			}
		},
		"node_modules/check-structure": {
			"version": "1.1.0",
			"resolved": "https://registry.npmjs.org/check-structure/-/check-structure-1.1.0.tgz",
			"integrity": "sha512-bBOgCqr4s5D+zy2tTABLCF/7UOTMffOZwku8NfegZH3Q1ShzEMdx9uh0MQGeNn6gAZFKmAfWjldpvrLAQR/scA=="
		}
	},
	"dependencies": {
		"check-structure": {
			"version": "1.1.0",
			"resolved": "https://registry.npmjs.org/check-structure/-/check-structure-1.1.0.tgz",
			"integrity": "sha512-bBOgCqr4s5D+zy2tTABLCF/7UOTMffOZwku8NfegZH3Q1ShzEMdx9uh0MQGeNn6gAZFKmAfWjldpvrLAQR/scA=="
		}
	}
}
