{
	"name": "chai-check-struct",
	"version": "1.0.1",
	"lockfileVersion": 2,
	"requires": true,
	"packages": {
		"": {
			"name": "chai-check-struct",
			"version": "1.0.1",
			"license": "ISC",
			"dependencies": {
				"check-structure": "^1.0.3"
			}
		},
		"node_modules/check-structure": {
			"version": "1.0.3",
			"resolved": "https://registry.npmjs.org/check-structure/-/check-structure-1.0.3.tgz",
			"integrity": "sha512-L6H0QvLJmz1/KZRAHcziDBmq3IvgKL8tbh7xe0KsdAL605v7FlTMeCTEP0uF65L0abshr94q9p2KLwAR33R4zg=="
		}
	},
	"dependencies": {
		"check-structure": {
			"version": "1.0.3",
			"resolved": "https://registry.npmjs.org/check-structure/-/check-structure-1.0.3.tgz",
			"integrity": "sha512-L6H0QvLJmz1/KZRAHcziDBmq3IvgKL8tbh7xe0KsdAL605v7FlTMeCTEP0uF65L0abshr94q9p2KLwAR33R4zg=="
		}
	}
}
